
Microsoft Visual Studio Solution File, Format Version 12.00
# Visual Studio Version 17
VisualStudioVersion = 17.14.36414.22
MinimumVisualStudioVersion = 10.0.40219.1
Project("{2150E333-8FDC-42A3-9474-1A3956D46DE8}") = "Task0", "Task0", "{02EA681E-C7D8-13C7-8484-4AC65E1B71E8}"
EndProject
Project("{FAE04EC0-301F-11D3-BF4B-00C04F79EFBC}") = "Tyuiu.ChetvertnyhAI.Sprint4.Task0.V30", "Tyuiu.ChetvertnyhAI.Sprint4.Task0.V30\Tyuiu.ChetvertnyhAI.Sprint4.Task0.V30.csproj", "{FD8D1552-84F8-4E13-AFB6-549B0BD3FB74}"
EndProject
Project("{FAE04EC0-301F-11D3-BF4B-00C04F79EFBC}") = "Tyuiu.ChetvertnyhAI.Sprint4.Task0.V30.Lib", "Tyuiu.ChetvertnyhAI.Sprint4.Task0.V30.Lib\Tyuiu.ChetvertnyhAI.Sprint4.Task0.V30.Lib.csproj", "{06914E73-2605-4BFA-91EA-B7EB233BDF5A}"
EndProject
Project("{FAE04EC0-301F-11D3-BF4B-00C04F79EFBC}") = "Tyuiu.ChetvertnyhAI.Sprint4.Task0.V30.Test", "Tyuiu.ChetvertnyhAI.Sprint4.Task0.V30.Test\Tyuiu.ChetvertnyhAI.Sprint4.Task0.V30.Test.csproj", "{57536AF0-6077-4EA1-9D54-51F521E3E7FE}"
EndProject
Project("{2150E333-8FDC-42A3-9474-1A3956D46DE8}") = "Task1", "Task1", "{88FEAA0A-7D03-4988-B88C-D8CFE5F49F5B}"
EndProject
Project("{FAE04EC0-301F-11D3-BF4B-00C04F79EFBC}") = "Tyuiu.ChetvertnyhAI.Sprint4.Task1.V2", "Tyuiu.ChetvertnyhAI.Sprint4.Task1.V2\Tyuiu.ChetvertnyhAI.Sprint4.Task1.V2.csproj", "{F4B23C74-4FD7-4DC5-BA6B-421250B49AE4}"
EndProject
Project("{FAE04EC0-301F-11D3-BF4B-00C04F79EFBC}") = "Tyuiu.ChetvertnyhAI.Sprint4.Task1.V2.Lib", "Tyuiu.ChetvertnyhAI.Sprint4.Task1.V2.Lib\Tyuiu.ChetvertnyhAI.Sprint4.Task1.V2.Lib.csproj", "{7F8285C3-5347-4C6C-A68E-521630A3C5C3}"
EndProject
Project("{FAE04EC0-301F-11D3-BF4B-00C04F79EFBC}") = "Tyuiu.ChetvertnyhAI.Sprint4.Task1.V2.Test", "Tyuiu.ChetvertnyhAI.Sprint4.Task1.V2.Test\Tyuiu.ChetvertnyhAI.Sprint4.Task1.V2.Test.csproj", "{895E6EF3-C0DB-468D-9456-3F2A52B3F9E3}"
EndProject
Project("{2150E333-8FDC-42A3-9474-1A3956D46DE8}") = "Task2", "Task2", "{E12734C2-BB80-4DC2-AEAD-80885B45DB7D}"
EndProject
Project("{FAE04EC0-301F-11D3-BF4B-00C04F79EFBC}") = "Tyuiu.ChetvertnyhAI.Sprint4.Task2.V6", "Tyuiu.ChetvertnyhAI.Sprint4.Task2.V6\Tyuiu.ChetvertnyhAI.Sprint4.Task2.V6.csproj", "{88406E04-1289-44B4-92E2-13A33A107F76}"
EndProject
Project("{FAE04EC0-301F-11D3-BF4B-00C04F79EFBC}") = "Tyuiu.ChetvertnyhAI.Sprint4.Task2.V6.Lib", "Tyuiu.ChetvertnyhAI.Sprint4.Task2.V6.Lib\Tyuiu.ChetvertnyhAI.Sprint4.Task2.V6.Lib.csproj", "{8C77585F-8867-4A29-85B3-812C532AED63}"
EndProject
Project("{FAE04EC0-301F-11D3-BF4B-00C04F79EFBC}") = "Tyuiu.ChetvertnyhAI.Sprint4.Task2.V6.Test", "Tyuiu.ChetvertnyhAI.Sprint4.Task2.V6.Test\Tyuiu.ChetvertnyhAI.Sprint4.Task2.V6.Test.csproj", "{C1705E79-D477-44CC-B2D4-3BFC1A3D79EC}"
EndProject
Project("{2150E333-8FDC-42A3-9474-1A3956D46DE8}") = "Task3", "Task3", "{17859005-3354-4202-B09E-2522DA6623E1}"
EndProject
Project("{FAE04EC0-301F-11D3-BF4B-00C04F79EFBC}") = "Tyuiu.ChetvertnyhAI.Sprint4.Task3.V10", "Tyuiu.ChetvertnyhAI.Sprint4.Task3.V10\Tyuiu.ChetvertnyhAI.Sprint4.Task3.V10.csproj", "{19289E96-3AD2-4913-92A7-49A59FD15715}"
EndProject
Project("{FAE04EC0-301F-11D3-BF4B-00C04F79EFBC}") = "Tyuiu.ChetvertnyhAI.Sprint4.Task3.V10.Lib", "Tyuiu.ChetvertnyhAI.Sprint4.Task3.V10.Lib\Tyuiu.ChetvertnyhAI.Sprint4.Task3.V10.Lib.csproj", "{F4EBC75B-7D04-4756-A246-9AE960BE36B9}"
EndProject
Project("{FAE04EC0-301F-11D3-BF4B-00C04F79EFBC}") = "Tyuiu.ChetvertnyhAI.Sprint4.Task3.V10.Test", "Tyuiu.ChetvertnyhAI.Sprint4.Task3.V10.Test\Tyuiu.ChetvertnyhAI.Sprint4.Task3.V10.Test.csproj", "{6063BC57-27A6-4FB1-B4FB-2B6FC5211012}"
EndProject
Project("{2150E333-8FDC-42A3-9474-1A3956D46DE8}") = "Task4", "Task4", "{9AA2D59B-7D24-4D3C-91A0-8B0BAFFA356C}"
EndProject
Project("{FAE04EC0-301F-11D3-BF4B-00C04F79EFBC}") = "Tyuiu.ChetvertnyhAI.Sprint4.Task4.V29", "Tyuiu.ChetvertnyhAI.Sprint4.Task4.V29\Tyuiu.ChetvertnyhAI.Sprint4.Task4.V29.csproj", "{34CA1C5C-DF17-42DE-9AF4-BBC2906D888C}"
EndProject
Project("{FAE04EC0-301F-11D3-BF4B-00C04F79EFBC}") = "Tyuiu.ChetvertnyhAI.Sprint4.Task4.V29.Lib", "Tyuiu.ChetvertnyhAI.Sprint4.Task4.V29.Lib\Tyuiu.ChetvertnyhAI.Sprint4.Task4.V29.Lib.csproj", "{0630D365-1C48-4C2A-A766-0BEAA3A9089A}"
EndProject
Project("{FAE04EC0-301F-11D3-BF4B-00C04F79EFBC}") = "Tyuiu.ChetvertnyhAI.Sprint4.Task4.V29.Test", "Tyuiu.ChetvertnyhAI.Sprint4.Task4.V29.Test\Tyuiu.ChetvertnyhAI.Sprint4.Task4.V29.Test.csproj", "{B062FE61-09BB-45FB-9968-562C073B6E12}"
EndProject
Global
	GlobalSection(SolutionConfigurationPlatforms) = preSolution
		Debug|Any CPU = Debug|Any CPU
		Release|Any CPU = Release|Any CPU
	EndGlobalSection
	GlobalSection(ProjectConfigurationPlatforms) = postSolution
		{FD8D1552-84F8-4E13-AFB6-549B0BD3FB74}.Debug|Any CPU.ActiveCfg = Debug|Any CPU
		{FD8D1552-84F8-4E13-AFB6-549B0BD3FB74}.Debug|Any CPU.Build.0 = Debug|Any CPU
		{FD8D1552-84F8-4E13-AFB6-549B0BD3FB74}.Release|Any CPU.ActiveCfg = Release|Any CPU
		{FD8D1552-84F8-4E13-AFB6-549B0BD3FB74}.Release|Any CPU.Build.0 = Release|Any CPU
		{06914E73-2605-4BFA-91EA-B7EB233BDF5A}.Debug|Any CPU.ActiveCfg = Debug|Any CPU
		{06914E73-2605-4BFA-91EA-B7EB233BDF5A}.Debug|Any CPU.Build.0 = Debug|Any CPU
		{06914E73-2605-4BFA-91EA-B7EB233BDF5A}.Release|Any CPU.ActiveCfg = Release|Any CPU
		{06914E73-2605-4BFA-91EA-B7EB233BDF5A}.Release|Any CPU.Build.0 = Release|Any CPU
		{57536AF0-6077-4EA1-9D54-51F521E3E7FE}.Debug|Any CPU.ActiveCfg = Debug|Any CPU
		{57536AF0-6077-4EA1-9D54-51F521E3E7FE}.Debug|Any CPU.Build.0 = Debug|Any CPU
		{57536AF0-6077-4EA1-9D54-51F521E3E7FE}.Release|Any CPU.ActiveCfg = Release|Any CPU
		{57536AF0-6077-4EA1-9D54-51F521E3E7FE}.Release|Any CPU.Build.0 = Release|Any CPU
		{F4B23C74-4FD7-4DC5-BA6B-421250B49AE4}.Debug|Any CPU.ActiveCfg = Debug|Any CPU
		{F4B23C74-4FD7-4DC5-BA6B-421250B49AE4}.Debug|Any CPU.Build.0 = Debug|Any CPU
		{F4B23C74-4FD7-4DC5-BA6B-421250B49AE4}.Release|Any CPU.ActiveCfg = Release|Any CPU
		{F4B23C74-4FD7-4DC5-BA6B-421250B49AE4}.Release|Any CPU.Build.0 = Release|Any CPU
		{7F8285C3-5347-4C6C-A68E-521630A3C5C3}.Debug|Any CPU.ActiveCfg = Debug|Any CPU
		{7F8285C3-5347-4C6C-A68E-521630A3C5C3}.Debug|Any CPU.Build.0 = Debug|Any CPU
		{7F8285C3-5347-4C6C-A68E-521630A3C5C3}.Release|Any CPU.ActiveCfg = Release|Any CPU
		{7F8285C3-5347-4C6C-A68E-521630A3C5C3}.Release|Any CPU.Build.0 = Release|Any CPU
		{895E6EF3-C0DB-468D-9456-3F2A52B3F9E3}.Debug|Any CPU.ActiveCfg = Debug|Any CPU
		{895E6EF3-C0DB-468D-9456-3F2A52B3F9E3}.Debug|Any CPU.Build.0 = Debug|Any CPU
		{895E6EF3-C0DB-468D-9456-3F2A52B3F9E3}.Release|Any CPU.ActiveCfg = Release|Any CPU
		{895E6EF3-C0DB-468D-9456-3F2A52B3F9E3}.Release|Any CPU.Build.0 = Release|Any CPU
		{88406E04-1289-44B4-92E2-13A33A107F76}.Debug|Any CPU.ActiveCfg = Debug|Any CPU
		{88406E04-1289-44B4-92E2-13A33A107F76}.Debug|Any CPU.Build.0 = Debug|Any CPU
		{88406E04-1289-44B4-92E2-13A33A107F76}.Release|Any CPU.ActiveCfg = Release|Any CPU
		{88406E04-1289-44B4-92E2-13A33A107F76}.Release|Any CPU.Build.0 = Release|Any CPU
		{8C77585F-8867-4A29-85B3-812C532AED63}.Debug|Any CPU.ActiveCfg = Debug|Any CPU
		{8C77585F-8867-4A29-85B3-812C532AED63}.Debug|Any CPU.Build.0 = Debug|Any CPU
		{8C77585F-8867-4A29-85B3-812C532AED63}.Release|Any CPU.ActiveCfg = Release|Any CPU
		{8C77585F-8867-4A29-85B3-812C532AED63}.Release|Any CPU.Build.0 = Release|Any CPU
		{C1705E79-D477-44CC-B2D4-3BFC1A3D79EC}.Debug|Any CPU.ActiveCfg = Debug|Any CPU
		{C1705E79-D477-44CC-B2D4-3BFC1A3D79EC}.Debug|Any CPU.Build.0 = Debug|Any CPU
		{C1705E79-D477-44CC-B2D4-3BFC1A3D79EC}.Release|Any CPU.ActiveCfg = Release|Any CPU
		{C1705E79-D477-44CC-B2D4-3BFC1A3D79EC}.Release|Any CPU.Build.0 = Release|Any CPU
		{19289E96-3AD2-4913-92A7-49A59FD15715}.Debug|Any CPU.ActiveCfg = Debug|Any CPU
		{19289E96-3AD2-4913-92A7-49A59FD15715}.Debug|Any CPU.Build.0 = Debug|Any CPU
		{19289E96-3AD2-4913-92A7-49A59FD15715}.Release|Any CPU.ActiveCfg = Release|Any CPU
		{19289E96-3AD2-4913-92A7-49A59FD15715}.Release|Any CPU.Build.0 = Release|Any CPU
		{F4EBC75B-7D04-4756-A246-9AE960BE36B9}.Debug|Any CPU.ActiveCfg = Debug|Any CPU
		{F4EBC75B-7D04-4756-A246-9AE960BE36B9}.Debug|Any CPU.Build.0 = Debug|Any CPU
		{F4EBC75B-7D04-4756-A246-9AE960BE36B9}.Release|Any CPU.ActiveCfg = Release|Any CPU
		{F4EBC75B-7D04-4756-A246-9AE960BE36B9}.Release|Any CPU.Build.0 = Release|Any CPU
		{6063BC57-27A6-4FB1-B4FB-2B6FC5211012}.Debug|Any CPU.ActiveCfg = Debug|Any CPU
		{6063BC57-27A6-4FB1-B4FB-2B6FC5211012}.Debug|Any CPU.Build.0 = Debug|Any CPU
		{6063BC57-27A6-4FB1-B4FB-2B6FC5211012}.Release|Any CPU.ActiveCfg = Release|Any CPU
		{6063BC57-27A6-4FB1-B4FB-2B6FC5211012}.Release|Any CPU.Build.0 = Release|Any CPU
		{34CA1C5C-DF17-42DE-9AF4-BBC2906D888C}.Debug|Any CPU.ActiveCfg = Debug|Any CPU
		{34CA1C5C-DF17-42DE-9AF4-BBC2906D888C}.Debug|Any CPU.Build.0 = Debug|Any CPU
		{34CA1C5C-DF17-42DE-9AF4-BBC2906D888C}.Release|Any CPU.ActiveCfg = Release|Any CPU
		{34CA1C5C-DF17-42DE-9AF4-BBC2906D888C}.Release|Any CPU.Build.0 = Release|Any CPU
		{0630D365-1C48-4C2A-A766-0BEAA3A9089A}.Debug|Any CPU.ActiveCfg = Debug|Any CPU
		{0630D365-1C48-4C2A-A766-0BEAA3A9089A}.Debug|Any CPU.Build.0 = Debug|Any CPU
		{0630D365-1C48-4C2A-A766-0BEAA3A9089A}.Release|Any CPU.ActiveCfg = Release|Any CPU
		{0630D365-1C48-4C2A-A766-0BEAA3A9089A}.Release|Any CPU.Build.0 = Release|Any CPU
		{B062FE61-09BB-45FB-9968-562C073B6E12}.Debug|Any CPU.ActiveCfg = Debug|Any CPU
		{B062FE61-09BB-45FB-9968-562C073B6E12}.Debug|Any CPU.Build.0 = Debug|Any CPU
		{B062FE61-09BB-45FB-9968-562C073B6E12}.Release|Any CPU.ActiveCfg = Release|Any CPU
		{B062FE61-09BB-45FB-9968-562C073B6E12}.Release|Any CPU.Build.0 = Release|Any CPU
	EndGlobalSection
	GlobalSection(SolutionProperties) = preSolution
		HideSolutionNode = FALSE
	EndGlobalSection
	GlobalSection(NestedProjects) = preSolution
		{FD8D1552-84F8-4E13-AFB6-549B0BD3FB74} = {02EA681E-C7D8-13C7-8484-4AC65E1B71E8}
		{06914E73-2605-4BFA-91EA-B7EB233BDF5A} = {02EA681E-C7D8-13C7-8484-4AC65E1B71E8}
		{57536AF0-6077-4EA1-9D54-51F521E3E7FE} = {02EA681E-C7D8-13C7-8484-4AC65E1B71E8}
		{F4B23C74-4FD7-4DC5-BA6B-421250B49AE4} = {88FEAA0A-7D03-4988-B88C-D8CFE5F49F5B}
		{7F8285C3-5347-4C6C-A68E-521630A3C5C3} = {88FEAA0A-7D03-4988-B88C-D8CFE5F49F5B}
		{895E6EF3-C0DB-468D-9456-3F2A52B3F9E3} = {88FEAA0A-7D03-4988-B88C-D8CFE5F49F5B}
		{88406E04-1289-44B4-92E2-13A33A107F76} = {E12734C2-BB80-4DC2-AEAD-80885B45DB7D}
		{8C77585F-8867-4A29-85B3-812C532AED63} = {E12734C2-BB80-4DC2-AEAD-80885B45DB7D}
		{C1705E79-D477-44CC-B2D4-3BFC1A3D79EC} = {E12734C2-BB80-4DC2-AEAD-80885B45DB7D}
		{19289E96-3AD2-4913-92A7-49A59FD15715} = {17859005-3354-4202-B09E-2522DA6623E1}
		{F4EBC75B-7D04-4756-A246-9AE960BE36B9} = {17859005-3354-4202-B09E-2522DA6623E1}
		{6063BC57-27A6-4FB1-B4FB-2B6FC5211012} = {17859005-3354-4202-B09E-2522DA6623E1}
		{34CA1C5C-DF17-42DE-9AF4-BBC2906D888C} = {9AA2D59B-7D24-4D3C-91A0-8B0BAFFA356C}
		{0630D365-1C48-4C2A-A766-0BEAA3A9089A} = {9AA2D59B-7D24-4D3C-91A0-8B0BAFFA356C}
		{B062FE61-09BB-45FB-9968-562C073B6E12} = {9AA2D59B-7D24-4D3C-91A0-8B0BAFFA356C}
	EndGlobalSection
	GlobalSection(ExtensibilityGlobals) = postSolution
		SolutionGuid = {E298BCFE-2EC3-4A3D-ABB2-AFE2D339C02B}
	EndGlobalSection
EndGlobal
